
Microsoft Visual Studio Solution File, Format Version 12.00
# Visual Studio Version 17
VisualStudioVersion = 17.5.002.0
MinimumVisualStudioVersion = 10.0.40219.1
Project("{9A19103F-16F7-4668-BE54-9A1E7A4F7556}") = "Simulacro_C#", "Simulacro_C#.csproj", "{89B41327-C264-46FF-B3C0-A64FD4D67F21}"
EndProject
Global
	GlobalSection(SolutionConfigurationPlatforms) = preSolution
		Debug|Any CPU = Debug|Any CPU
		Release|Any CPU = Release|Any CPU
	EndGlobalSection
	GlobalSection(ProjectConfigurationPlatforms) = postSolution
		{89B41327-C264-46FF-B3C0-A64FD4D67F21}.Debug|Any CPU.ActiveCfg = Debug|Any CPU
		{89B41327-C264-46FF-B3C0-A64FD4D67F21}.Debug|Any CPU.Build.0 = Debug|Any CPU
		{89B41327-C264-46FF-B3C0-A64FD4D67F21}.Release|Any CPU.ActiveCfg = Release|Any CPU
		{89B41327-C264-46FF-B3C0-A64FD4D67F21}.Release|Any CPU.Build.0 = Release|Any CPU
	EndGlobalSection
	GlobalSection(SolutionProperties) = preSolution
		HideSolutionNode = FALSE
	EndGlobalSection
	GlobalSection(ExtensibilityGlobals) = postSolution
		SolutionGuid = {83F90030-DC4C-42EE-B3CA-7DBDD575C0EB}
	EndGlobalSection
EndGlobal
